# This file is automatically @generated by Cargo.
# It is not intended for manual editing.
version = 3

[[package]]
name = "binout"
version = "0.2.1"
source = "registry+https://github.com/rust-lang/crates.io-index"
checksum = "b60b1af88a588fca5fe424ae7d735bc52814f80ff57614f57043cc4e2024f2ea"

[[package]]
name = "bitm"
version = "0.4.1"
source = "registry+https://github.com/rust-lang/crates.io-index"
checksum = "31b9ea263f0faf826a1c9de0e8bf8f32f5986c05f5e3abcf6bcde74616009586"
dependencies = [
 "dyn_size_of",
]

[[package]]
name = "butils"
version = "0.1.0"
source = "registry+https://github.com/rust-lang/crates.io-index"
checksum = "fc5e880cc1758d2ed57c3c3bdb2460dda75c21ec69458de4308faa166e6beb69"

[[package]]
name = "co_sort"
version = "0.2.0"
source = "registry+https://github.com/rust-lang/crates.io-index"
checksum = "5cc18e115ded94ba1e1b820c7631d25b7364e27c25f066ecbce37aaf88abdcf4"

[[package]]
name = "dyn_size_of"
version = "0.4.2"
source = "registry+https://github.com/rust-lang/crates.io-index"
checksum = "33d4f78a40b1ec35bf8cafdaaf607ba2f773c366b0b3bda48937cacd7a8d5134"

[[package]]
name = "fsum"
version = "0.1.2"
source = "registry+https://github.com/rust-lang/crates.io-index"
checksum = "3a597f730845c4bd1d4ef892ae898bbcf867375d72f43e50f285e07e59c4f589"

[[package]]
name = "hermit-abi"
version = "0.3.9"
source = "registry+https://github.com/rust-lang/crates.io-index"
checksum = "d231dfb89cfffdbc30e7fc41579ed6066ad03abda9e567ccafae602b97ec5024"

[[package]]
name = "libc"
version = "0.2.153"
source = "registry+https://github.com/rust-lang/crates.io-index"
checksum = "9c198f91728a82281a64e1f4f9eeb25d82cb32a5de251c6bd1b5154d63a8e7bd"

[[package]]
name = "minimum_redundancy"
version = "0.3.1"
dependencies = [
 "binout",
 "co_sort",
 "dyn_size_of",
 "fsum",
]

[[package]]
name = "num_cpus"
version = "1.16.0"
source = "registry+https://github.com/rust-lang/crates.io-index"
checksum = "4161fcb6d602d4d2081af7c3a45852d875a03dd337a6bfdd6e06407b61342a43"
dependencies = [
 "hermit-abi",
 "libc",
]

[[package]]
name = "rubbish"
version = "0.1.0"
dependencies = [
 "bitm",
 "butils",
 "dyn_size_of",
 "minimum_redundancy",
 "num_cpus",
]
